
Microsoft Visual Studio Solution File, Format Version 12.00
# Visual Studio Version 16
VisualStudioVersion = 16.0.32106.194
MinimumVisualStudioVersion = 10.0.40219.1
Project("{FAE04EC0-301F-11D3-BF4B-00C04F79EFBC}") = "Fundonotes", "Fundonotes\Fundonotes.csproj", "{83AABAA6-47B7-4373-B71C-2F861D4D9A16}"
EndProject
Project("{FAE04EC0-301F-11D3-BF4B-00C04F79EFBC}") = "RepositoryLayer", "RepositoryLayer\RepositoryLayer.csproj", "{D05ADAD6-FDC7-46A1-9EC5-06B9FF17416F}"
EndProject
Project("{FAE04EC0-301F-11D3-BF4B-00C04F79EFBC}") = "CommonLayer", "CommonLayer\CommonLayer.csproj", "{71B833A7-0AAF-4A9F-919D-01DB6762B262}"
EndProject
Project("{FAE04EC0-301F-11D3-BF4B-00C04F79EFBC}") = "BusinessLayer", "BusinessLayer\BusinessLayer.csproj", "{968D2CAB-82B0-4D3A-98F4-337188B38FE5}"
EndProject
Global
	GlobalSection(SolutionConfigurationPlatforms) = preSolution
		Debug|Any CPU = Debug|Any CPU
		Release|Any CPU = Release|Any CPU
	EndGlobalSection
	GlobalSection(ProjectConfigurationPlatforms) = postSolution
		{83AABAA6-47B7-4373-B71C-2F861D4D9A16}.Debug|Any CPU.ActiveCfg = Debug|Any CPU
		{83AABAA6-47B7-4373-B71C-2F861D4D9A16}.Debug|Any CPU.Build.0 = Debug|Any CPU
		{83AABAA6-47B7-4373-B71C-2F861D4D9A16}.Release|Any CPU.ActiveCfg = Release|Any CPU
		{83AABAA6-47B7-4373-B71C-2F861D4D9A16}.Release|Any CPU.Build.0 = Release|Any CPU
		{D05ADAD6-FDC7-46A1-9EC5-06B9FF17416F}.Debug|Any CPU.ActiveCfg = Debug|Any CPU
		{D05ADAD6-FDC7-46A1-9EC5-06B9FF17416F}.Debug|Any CPU.Build.0 = Debug|Any CPU
		{D05ADAD6-FDC7-46A1-9EC5-06B9FF17416F}.Release|Any CPU.ActiveCfg = Release|Any CPU
		{D05ADAD6-FDC7-46A1-9EC5-06B9FF17416F}.Release|Any CPU.Build.0 = Release|Any CPU
		{71B833A7-0AAF-4A9F-919D-01DB6762B262}.Debug|Any CPU.ActiveCfg = Debug|Any CPU
		{71B833A7-0AAF-4A9F-919D-01DB6762B262}.Debug|Any CPU.Build.0 = Debug|Any CPU
		{71B833A7-0AAF-4A9F-919D-01DB6762B262}.Release|Any CPU.ActiveCfg = Release|Any CPU
		{71B833A7-0AAF-4A9F-919D-01DB6762B262}.Release|Any CPU.Build.0 = Release|Any CPU
		{968D2CAB-82B0-4D3A-98F4-337188B38FE5}.Debug|Any CPU.ActiveCfg = Debug|Any CPU
		{968D2CAB-82B0-4D3A-98F4-337188B38FE5}.Debug|Any CPU.Build.0 = Debug|Any CPU
		{968D2CAB-82B0-4D3A-98F4-337188B38FE5}.Release|Any CPU.ActiveCfg = Release|Any CPU
		{968D2CAB-82B0-4D3A-98F4-337188B38FE5}.Release|Any CPU.Build.0 = Release|Any CPU
	EndGlobalSection
	GlobalSection(SolutionProperties) = preSolution
		HideSolutionNode = FALSE
	EndGlobalSection
	GlobalSection(ExtensibilityGlobals) = postSolution
		SolutionGuid = {D80810C5-41F0-4C89-B136-931CDA575A93}
	EndGlobalSection
EndGlobal
